// !$*UTF8*$!
{
	archiveVersion = 1;
	classes = {
	};
	objectVersion = 46;
	objects = {

/* Begin PBXBuildFile section */
		F4C874A11D11F3C2005B5584 /* main.m in Sources */ = {isa = PBXBuildFile; fileRef = F4C874A01D11F3C2005B5584 /* main.m */; };
		F4C874A41D11F3C2005B5584 /* AppDelegate.m in Sources */ = {isa = PBXBuildFile; fileRef = F4C874A31D11F3C2005B5584 /* AppDelegate.m */; };
		F4C874A71D11F3C2005B5584 /* ViewController.m in Sources */ = {isa = PBXBuildFile; fileRef = F4C874A61D11F3C2005B5584 /* ViewController.m */; };
		F4C874AA1D11F3C2005B5584 /* Main.storyboard in Resources */ = {isa = PBXBuildFile; fileRef = F4C874A81D11F3C2005B5584 /* Main.storyboard */; };
		F4C874AC1D11F3C2005B5584 /* Assets.xcassets in Resources */ = {isa = PBXBuildFile; fileRef = F4C874AB1D11F3C2005B5584 /* Assets.xcassets */; };
		F4C874AF1D11F3C2005B5584 /* LaunchScreen.storyboard in Resources */ = {isa = PBXBuildFile; fileRef = F4C874AD1D11F3C2005B5584 /* LaunchScreen.storyboard */; };
		F4C874B81D11FCBA005B5584 /* OpenGLES.framework in Frameworks */ = {isa = PBXBuildFile; fileRef = F4C874B61D11FCBA005B5584 /* OpenGLES.framework */; };
		F4C874B91D11FCBA005B5584 /* QuartzCore.framework in Frameworks */ = {isa = PBXBuildFile; fileRef = F4C874B71D11FCBA005B5584 /* QuartzCore.framework */; };
		F4C874BF1D11FFA1005B5584 /* OpenGLView.m in Sources */ = {isa = PBXBuildFile; fileRef = F4C874BE1D11FFA1005B5584 /* OpenGLView.m */; };
/* End PBXBuildFile section */

/* Begin PBXFileReference section */
		F4C8749C1D11F3C2005B5584 /* GeoffIOSApp.app */ = {isa = PBXFileReference; explicitFileType = wrapper.application; includeInIndex = 0; path = GeoffIOSApp.app; sourceTree = BUILT_PRODUCTS_DIR; };
		F4C874A01D11F3C2005B5584 /* main.m */ = {isa = PBXFileReference; lastKnownFileType = sourcecode.c.objc; path = main.m; sourceTree = "<group>"; };
		F4C874A21D11F3C2005B5584 /* AppDelegate.h */ = {isa = PBXFileReference; lastKnownFileType = sourcecode.c.h; path = AppDelegate.h; sourceTree = "<group>"; };
		F4C874A31D11F3C2005B5584 /* AppDelegate.m */ = {isa = PBXFileReference; lastKnownFileType = sourcecode.c.objc; path = AppDelegate.m; sourceTree = "<group>"; };
		F4C874A51D11F3C2005B5584 /* ViewController.h */ = {isa = PBXFileReference; lastKnownFileType = sourcecode.c.h; path = ViewController.h; sourceTree = "<group>"; };
		F4C874A61D11F3C2005B5584 /* ViewController.m */ = {isa = PBXFileReference; lastKnownFileType = sourcecode.c.objc; path = ViewController.m; sourceTree = "<group>"; };
		F4C874A91D11F3C2005B5584 /* Base */ = {isa = PBXFileReference; lastKnownFileType = file.storyboard; name = Base; path = Base.lproj/Main.storyboard; sourceTree = "<group>"; };
		F4C874AB1D11F3C2005B5584 /* Assets.xcassets */ = {isa = PBXFileReference; lastKnownFileType = folder.assetcatalog; path = Assets.xcassets; sourceTree = "<group>"; };
		F4C874AE1D11F3C2005B5584 /* Base */ = {isa = PBXFileReference; lastKnownFileType = file.storyboard; name = Base; path = Base.lproj/LaunchScreen.storyboard; sourceTree = "<group>"; };
		F4C874B01D11F3C2005B5584 /* Info.plist */ = {isa = PBXFileReference; lastKnownFileType = text.plist.xml; path = Info.plist; sourceTree = "<group>"; };
		F4C874B61D11FCBA005B5584 /* OpenGLES.framework */ = {isa = PBXFileReference; lastKnownFileType = wrapper.framework; name = OpenGLES.framework; path = System/Library/Frameworks/OpenGLES.framework; sourceTree = SDKROOT; };
		F4C874B71D11FCBA005B5584 /* QuartzCore.framework */ = {isa = PBXFileReference; lastKnownFileType = wrapper.framework; name = QuartzCore.framework; path = System/Library/Frameworks/QuartzCore.framework; sourceTree = SDKROOT; };
		F4C874BC1D11FD94005B5584 /* OpenGLView.h */ = {isa = PBXFileReference; fileEncoding = 4; lastKnownFileType = sourcecode.c.h; path = OpenGLView.h; sourceTree = "<group>"; };
		F4C874BE1D11FFA1005B5584 /* OpenGLView.m */ = {isa = PBXFileReference; fileEncoding = 4; lastKnownFileType = sourcecode.c.objc; path = OpenGLView.m; sourceTree = "<group>"; };
/* End PBXFileReference section */

/* Begin PBXFrameworksBuildPhase section */
		F4C874991D11F3C2005B5584 /* Frameworks */ = {
			isa = PBXFrameworksBuildPhase;
			buildActionMask = 2147483647;
			files = (
				F4C874B81D11FCBA005B5584 /* OpenGLES.framework in Frameworks */,
				F4C874B91D11FCBA005B5584 /* QuartzCore.framework in Frameworks */,
			);
			runOnlyForDeploymentPostprocessing = 0;
		};
/* End PBXFrameworksBuildPhase section */

/* Begin PBXGroup section */
		F4C874931D11F3C2005B5584 = {
			isa = PBXGroup;
			children = (
				F4C874B61D11FCBA005B5584 /* OpenGLES.framework */,
				F4C874B71D11FCBA005B5584 /* QuartzCore.framework */,
				F4C8749E1D11F3C2005B5584 /* GeoffIOSApp */,
				F4C8749D1D11F3C2005B5584 /* Products */,
			);
			sourceTree = "<group>";
		};
		F4C8749D1D11F3C2005B5584 /* Products */ = {
			isa = PBXGroup;
			children = (
				F4C8749C1D11F3C2005B5584 /* GeoffIOSApp.app */,
			);
			name = Products;
			sourceTree = "<group>";
		};
		F4C8749E1D11F3C2005B5584 /* GeoffIOSApp */ = {
			isa = PBXGroup;
			children = (
				F4C874A21D11F3C2005B5584 /* AppDelegate.h */,
				F4C874A31D11F3C2005B5584 /* AppDelegate.m */,
				F4C874A51D11F3C2005B5584 /* ViewController.h */,
				F4C874A61D11F3C2005B5584 /* ViewController.m */,
				F4C874A81D11F3C2005B5584 /* Main.storyboard */,
				F4C874AB1D11F3C2005B5584 /* Assets.xcassets */,
				F4C874AD1D11F3C2005B5584 /* LaunchScreen.storyboard */,
				F4C874B01D11F3C2005B5584 /* Info.plist */,
				F4C8749F1D11F3C2005B5584 /* Supporting Files */,
				F4C874BC1D11FD94005B5584 /* OpenGLView.h */,
				F4C874BE1D11FFA1005B5584 /* OpenGLView.m */,
			);
			path = GeoffIOSApp;
			sourceTree = "<group>";
		};
		F4C8749F1D11F3C2005B5584 /* Supporting Files */ = {
			isa = PBXGroup;
			children = (
				F4C874A01D11F3C2005B5584 /* main.m */,
			);
			name = "Supporting Files";
			sourceTree = "<group>";
		};
/* End PBXGroup section */

/* Begin PBXNativeTarget section */
		F4C8749B1D11F3C2005B5584 /* GeoffIOSApp */ = {
			isa = PBXNativeTarget;
			buildConfigurationList = F4C874B31D11F3C2005B5584 /* Build configuration list for PBXNativeTarget "GeoffIOSApp" */;
			buildPhases = (
				F4C874981D11F3C2005B5584 /* Sources */,
				F4C874991D11F3C2005B5584 /* Frameworks */,
				F4C8749A1D11F3C2005B5584 /* Resources */,
			);
			buildRules = (
			);
			dependencies = (
			);
			name = GeoffIOSApp;
			productName = GeoffIOSApp;
			productReference = F4C8749C1D11F3C2005B5584 /* GeoffIOSApp.app */;
			productType = "com.apple.product-type.application";
		};
/* End PBXNativeTarget section */

/* Begin PBXProject section */
		F4C874941D11F3C2005B5584 /* Project object */ = {
			isa = PBXProject;
			attributes = {
				LastUpgradeCheck = 0720;
				ORGANIZATIONNAME = MoJaWorks;
				TargetAttributes = {
					F4C8749B1D11F3C2005B5584 = {
						CreatedOnToolsVersion = 7.2;
						DevelopmentTeam = B7A995CECW;
					};
				};
			};
			buildConfigurationList = F4C874971D11F3C2005B5584 /* Build configuration list for PBXProject "GeoffIOSApp" */;
			compatibilityVersion = "Xcode 3.2";
			developmentRegion = English;
			hasScannedForEncodings = 0;
			knownRegions = (
				en,
				Base,
			);
			mainGroup = F4C874931D11F3C2005B5584;
			productRefGroup = F4C8749D1D11F3C2005B5584 /* Products */;
			projectDirPath = "";
			projectRoot = "";
			targets = (
				F4C8749B1D11F3C2005B5584 /* GeoffIOSApp */,
			);
		};
/* End PBXProject section */

/* Begin PBXResourcesBuildPhase section */
		F4C8749A1D11F3C2005B5584 /* Resources */ = {
			isa = PBXResourcesBuildPhase;
			buildActionMask = 2147483647;
			files = (
				F4C874AF1D11F3C2005B5584 /* LaunchScreen.storyboard in Resources */,
				F4C874AC1D11F3C2005B5584 /* Assets.xcassets in Resources */,
				F4C874AA1D11F3C2005B5584 /* Main.storyboard in Resources */,
			);
			runOnlyForDeploymentPostprocessing = 0;
		};
/* End PBXResourcesBuildPhase section */

/* Begin PBXSourcesBuildPhase section */
		F4C874981D11F3C2005B5584 /* Sources */ = {
			isa = PBXSourcesBuildPhase;
			buildActionMask = 2147483647;
			files = (
				F4C874A71D11F3C2005B5584 /* ViewController.m in Sources */,
				F4C874A41D11F3C2005B5584 /* AppDelegate.m in Sources */,
				F4C874A11D11F3C2005B5584 /* main.m in Sources */,
				F4C874BF1D11FFA1005B5584 /* OpenGLView.m in Sources */,
			);
			runOnlyForDeploymentPostprocessing = 0;
		};
/* End PBXSourcesBuildPhase section */

/* Begin PBXVariantGroup section */
		F4C874A81D11F3C2005B5584 /* Main.storyboard */ = {
			isa = PBXVariantGroup;
			children = (
				F4C874A91D11F3C2005B5584 /* Base */,
			);
			name = Main.storyboard;
			sourceTree = "<group>";
		};
		F4C874AD1D11F3C2005B5584 /* LaunchScreen.storyboard */ = {
			isa = PBXVariantGroup;
			children = (
				F4C874AE1D11F3C2005B5584 /* Base */,
			);
			name = LaunchScreen.storyboard;
			sourceTree = "<group>";
		};
/* End PBXVariantGroup section */

/* Begin XCBuildConfiguration section */
		F4C874B11D11F3C2005B5584 /* Debug */ = {
			isa = XCBuildConfiguration;
			buildSettings = {
				ALWAYS_SEARCH_USER_PATHS = NO;
				CLANG_CXX_LANGUAGE_STANDARD = "gnu++0x";
				CLANG_CXX_LIBRARY = "libc++";
				CLANG_ENABLE_MODULES = YES;
				CLANG_ENABLE_OBJC_ARC = YES;
				CLANG_WARN_BOOL_CONVERSION = YES;
				CLANG_WARN_CONSTANT_CONVERSION = YES;
				CLANG_WARN_DIRECT_OBJC_ISA_USAGE = YES_ERROR;
				CLANG_WARN_EMPTY_BODY = YES;
				CLANG_WARN_ENUM_CONVERSION = YES;
				CLANG_WARN_INT_CONVERSION = YES;
				CLANG_WARN_OBJC_ROOT_CLASS = YES_ERROR;
				CLANG_WARN_UNREACHABLE_CODE = YES;
				CLANG_WARN__DUPLICATE_METHOD_MATCH = YES;
				"CODE_SIGN_IDENTITY[sdk=iphoneos*]" = "iPhone Developer";
				COPY_PHASE_STRIP = NO;
				DEBUG_INFORMATION_FORMAT = dwarf;
				ENABLE_STRICT_OBJC_MSGSEND = YES;
				ENABLE_TESTABILITY = YES;
				GCC_C_LANGUAGE_STANDARD = gnu99;
				GCC_DYNAMIC_NO_PIC = NO;
				GCC_NO_COMMON_BLOCKS = YES;
				GCC_OPTIMIZATION_LEVEL = 0;
				GCC_PREPROCESSOR_DEFINITIONS = (
					"DEBUG=1",
					"$(inherited)",
				);
				GCC_WARN_64_TO_32_BIT_CONVERSION = YES;
				GCC_WARN_ABOUT_RETURN_TYPE = YES_ERROR;
				GCC_WARN_UNDECLARED_SELECTOR = YES;
				GCC_WARN_UNINITIALIZED_AUTOS = YES_AGGRESSIVE;
				GCC_WARN_UNUSED_FUNCTION = YES;
				GCC_WARN_UNUSED_VARIABLE = YES;
				IPHONEOS_DEPLOYMENT_TARGET = 9.2;
				MTL_ENABLE_DEBUG_INFO = YES;
				ONLY_ACTIVE_ARCH = YES;
				SDKROOT = iphoneos;
				TARGETED_DEVICE_FAMILY = "1,2";
			};
			name = Debug;
		};
		F4C874B21D11F3C2005B5584 /* Release */ = {
			isa = XCBuildConfiguration;
			buildSettings = {
				ALWAYS_SEARCH_USER_PATHS = NO;
				CLANG_CXX_LANGUAGE_STANDARD = "gnu++0x";
				CLANG_CXX_LIBRARY = "libc++";
				CLANG_ENABLE_MODULES = YES;
				CLANG_ENABLE_OBJC_ARC = YES;
				CLANG_WARN_BOOL_CONVERSION = YES;
				CLANG_WARN_CONSTANT_CONVERSION = YES;
				CLANG_WARN_DIRECT_OBJC_ISA_USAGE = YES_ERROR;
				CLANG_WARN_EMPTY_BODY = YES;
				CLANG_WARN_ENUM_CONVERSION = YES;
				CLANG_WARN_INT_CONVERSION = YES;
				CLANG_WARN_OBJC_ROOT_CLASS = YES_ERROR;
				CLANG_WARN_UNREACHABLE_CODE = YES;
				CLANG_WARN__DUPLICATE_METHOD_MATCH = YES;
				"CODE_SIGN_IDENTITY[sdk=iphoneos*]" = "iPhone Developer";
				COPY_PHASE_STRIP = NO;
				DEBUG_INFORMATION_FORMAT = "dwarf-with-dsym";
				ENABLE_NS_ASSERTIONS = NO;
				ENABLE_STRICT_OBJC_MSGSEND = YES;
				GCC_C_LANGUAGE_STANDARD = gnu99;
				GCC_NO_COMMON_BLOCKS = YES;
				GCC_WARN_64_TO_32_BIT_CONVERSION = YES;
				GCC_WARN_ABOUT_RETURN_TYPE = YES_ERROR;
				GCC_WARN_UNDECLARED_SELECTOR = YES;
				GCC_WARN_UNINITIALIZED_AUTOS = YES_AGGRESSIVE;
				GCC_WARN_UNUSED_FUNCTION = YES;
				GCC_WARN_UNUSED_VARIABLE = YES;
				IPHONEOS_DEPLOYMENT_TARGET = 9.2;
				MTL_ENABLE_DEBUG_INFO = NO;
				SDKROOT = iphoneos;
				TARGETED_DEVICE_FAMILY = "1,2";
				VALIDATE_PRODUCT = YES;
			};
			name = Release;
		};
		F4C874B41D11F3C2005B5584 /* Debug */ = {
			isa = XCBuildConfiguration;
			buildSettings = {
				ASSETCATALOG_COMPILER_APPICON_NAME = AppIcon;
				INFOPLIST_FILE = GeoffIOSApp/Info.plist;
				LD_RUNPATH_SEARCH_PATHS = "$(inherited) @executable_path/Frameworks";
				PRODUCT_BUNDLE_IDENTIFIER = uk.co.mojaworks.GeoffIOSApp;
				PRODUCT_NAME = "$(TARGET_NAME)";
			};
			name = Debug;
		};
		F4C874B51D11F3C2005B5584 /* Release */ = {
			isa = XCBuildConfiguration;
			buildSettings = {
				ASSETCATALOG_COMPILER_APPICON_NAME = AppIcon;
				INFOPLIST_FILE = GeoffIOSApp/Info.plist;
				LD_RUNPATH_SEARCH_PATHS = "$(inherited) @executable_path/Frameworks";
				PRODUCT_BUNDLE_IDENTIFIER = uk.co.mojaworks.GeoffIOSApp;
				PRODUCT_NAME = "$(TARGET_NAME)";
			};
			name = Release;
		};
/* End XCBuildConfiguration section */

/* Begin XCConfigurationList section */
		F4C874971D11F3C2005B5584 /* Build configuration list for PBXProject "GeoffIOSApp" */ = {
			isa = XCConfigurationList;
			buildConfigurations = (
				F4C874B11D11F3C2005B5584 /* Debug */,
				F4C874B21D11F3C2005B5584 /* Release */,
			);
			defaultConfigurationIsVisible = 0;
			defaultConfigurationName = Release;
		};
		F4C874B31D11F3C2005B5584 /* Build configuration list for PBXNativeTarget "GeoffIOSApp" */ = {
			isa = XCConfigurationList;
			buildConfigurations = (
				F4C874B41D11F3C2005B5584 /* Debug */,
				F4C874B51D11F3C2005B5584 /* Release */,
			);
			defaultConfigurationIsVisible = 0;
			defaultConfigurationName = Release;
		};
/* End XCConfigurationList section */
	};
	rootObject = F4C874941D11F3C2005B5584 /* Project object */;
}
